
Microsoft Visual Studio Solution File, Format Version 12.00
# Visual Studio Version 17
VisualStudioVersion = 17.13.35828.75 d17.13
MinimumVisualStudioVersion = 10.0.40219.1
Project("{8BC9CEB8-8B4A-11D0-8D11-00A0C91BC942}") = "c_training_p6", "c_training_p6.vcxitems", "{866678BE-1D43-43BD-9B19-962BEFB35CBD}"
EndProject
Project("{8BC9CEB8-8B4A-11D0-8D11-00A0C91BC942}") = "c_training_p6Linux", "c_training_p6Linux.vcxproj", "{EBB88753-1BD1-4766-90C8-FB40D593D163}"
EndProject
Project("{8BC9CEB8-8B4A-11D0-8D11-00A0C91BC942}") = "c_training_p6Windows", "c_training_p6Windows.vcxproj", "{EC18C38A-7A85-4652-B279-BFD2A469646B}"
EndProject
Global
	GlobalSection(SolutionConfigurationPlatforms) = preSolution
		Debug|x64 = Debug|x64
		Debug|x86 = Debug|x86
		Release|x64 = Release|x64
		Release|x86 = Release|x86
		Description = 
	EndGlobalSection
	GlobalSection(ProjectConfigurationPlatforms) = postSolution
		{EBB88753-1BD1-4766-90C8-FB40D593D163}.Debug|x64.ActiveCfg = Debug|x64
		{EBB88753-1BD1-4766-90C8-FB40D593D163}.Debug|x64.Build.0 = Debug|x64
		{EBB88753-1BD1-4766-90C8-FB40D593D163}.Debug|x64.Deploy.0 = Debug|x64
		{EBB88753-1BD1-4766-90C8-FB40D593D163}.Debug|x86.ActiveCfg = Debug|x86
		{EBB88753-1BD1-4766-90C8-FB40D593D163}.Debug|x86.Build.0 = Debug|x86
		{EBB88753-1BD1-4766-90C8-FB40D593D163}.Debug|x86.Deploy.0 = Debug|x86
		{EBB88753-1BD1-4766-90C8-FB40D593D163}.Release|x64.ActiveCfg = Release|x64
		{EBB88753-1BD1-4766-90C8-FB40D593D163}.Release|x64.Build.0 = Release|x64
		{EBB88753-1BD1-4766-90C8-FB40D593D163}.Release|x64.Deploy.0 = Release|x64
		{EBB88753-1BD1-4766-90C8-FB40D593D163}.Release|x86.ActiveCfg = Release|x86
		{EBB88753-1BD1-4766-90C8-FB40D593D163}.Release|x86.Build.0 = Release|x86
		{EBB88753-1BD1-4766-90C8-FB40D593D163}.Release|x86.Deploy.0 = Release|x86
		{EC18C38A-7A85-4652-B279-BFD2A469646B}.Debug|x64.ActiveCfg = Debug|Win32
		{EC18C38A-7A85-4652-B279-BFD2A469646B}.Debug|x64.Build.0 = Debug|Win32
		{EC18C38A-7A85-4652-B279-BFD2A469646B}.Debug|x86.ActiveCfg = Debug|Win32
		{EC18C38A-7A85-4652-B279-BFD2A469646B}.Debug|x86.Build.0 = Debug|Win32
		{EC18C38A-7A85-4652-B279-BFD2A469646B}.Release|x64.ActiveCfg = Release|Win32
		{EC18C38A-7A85-4652-B279-BFD2A469646B}.Release|x64.Build.0 = Release|Win32
		{EC18C38A-7A85-4652-B279-BFD2A469646B}.Release|x86.ActiveCfg = Release|Win32
		{EC18C38A-7A85-4652-B279-BFD2A469646B}.Release|x86.Build.0 = Release|Win32
	EndGlobalSection
	GlobalSection(SolutionProperties) = preSolution
		HideSolutionNode = FALSE
	EndGlobalSection
	GlobalSection(ExtensibilityGlobals) = postSolution
		SolutionGuid = {56E5C5B7-BB7D-4182-95BD-21BFF1444A69}
	EndGlobalSection
	GlobalSection(SharedMSBuildProjectFiles) = preSolution
		c_training_p6.vcxitems*{866678be-1d43-43bd-9b19-962befb35cbd}*SharedItemsImports = 9
		c_training_p6.vcxitems*{ebb88753-1bd1-4766-90c8-fb40d593d163}*SharedItemsImports = 4
		c_training_p6.vcxitems*{ec18c38a-7a85-4652-b279-bfd2a469646b}*SharedItemsImports = 4
	EndGlobalSection
EndGlobal
